
Microsoft Visual Studio Solution File, Format Version 11.00
# Visual Studio 2010
Project("{FAE04EC0-301F-11D3-BF4B-00C04F79EFBC}") = "Diesel.Api", "Diesel\Diesel.Api.csproj", "{0EB1133B-CE18-4D66-B219-5DBAA03E5852}"
EndProject
Project("{FAE04EC0-301F-11D3-BF4B-00C04F79EFBC}") = "Diesel.Tests", "Diesel.Tests\Diesel.Tests.csproj", "{6552196A-BBD0-4892-BFF1-348E8F19E481}"
EndProject
Project("{FAE04EC0-301F-11D3-BF4B-00C04F79EFBC}") = "Diesel.Core", "Diesel.Core\Diesel.Core.csproj", "{6EB14F28-C55F-4283-824B-302FE03EEE13}"
EndProject
Global
	GlobalSection(SolutionConfigurationPlatforms) = preSolution
		Debug|Any CPU = Debug|Any CPU
		Release|Any CPU = Release|Any CPU
	EndGlobalSection
	GlobalSection(ProjectConfigurationPlatforms) = postSolution
		{0EB1133B-CE18-4D66-B219-5DBAA03E5852}.Debug|Any CPU.ActiveCfg = Debug|Any CPU
		{0EB1133B-CE18-4D66-B219-5DBAA03E5852}.Debug|Any CPU.Build.0 = Debug|Any CPU
		{0EB1133B-CE18-4D66-B219-5DBAA03E5852}.Release|Any CPU.ActiveCfg = Release|Any CPU
		{0EB1133B-CE18-4D66-B219-5DBAA03E5852}.Release|Any CPU.Build.0 = Release|Any CPU
		{6552196A-BBD0-4892-BFF1-348E8F19E481}.Debug|Any CPU.ActiveCfg = Debug|Any CPU
		{6552196A-BBD0-4892-BFF1-348E8F19E481}.Debug|Any CPU.Build.0 = Debug|Any CPU
		{6552196A-BBD0-4892-BFF1-348E8F19E481}.Release|Any CPU.ActiveCfg = Release|Any CPU
		{6552196A-BBD0-4892-BFF1-348E8F19E481}.Release|Any CPU.Build.0 = Release|Any CPU
		{6EB14F28-C55F-4283-824B-302FE03EEE13}.Debug|Any CPU.ActiveCfg = Debug|Any CPU
		{6EB14F28-C55F-4283-824B-302FE03EEE13}.Debug|Any CPU.Build.0 = Debug|Any CPU
		{6EB14F28-C55F-4283-824B-302FE03EEE13}.Release|Any CPU.ActiveCfg = Release|Any CPU
		{6EB14F28-C55F-4283-824B-302FE03EEE13}.Release|Any CPU.Build.0 = Release|Any CPU
	EndGlobalSection
	GlobalSection(SolutionProperties) = preSolution
		HideSolutionNode = FALSE
	EndGlobalSection
EndGlobal
